{
  "requires": true,
  "lockfileVersion": 1,
  "dependencies": {
    "@syncfusion/ej2-base": {
      "version": "16.4.42",
      "resolved": "https://registry.npmjs.org/@syncfusion/ej2-base/-/ej2-base-16.4.42.tgz",
      "integrity": "sha512-ft5zjNCoibUrSioWTTGp7nerifxuP0LYi8Wq6CJRra9smcNYIpOfNq0dRkt97HzDPTrFf6Cy1sziULTkIlijlA=="
    },
    "@syncfusion/ej2-buttons": {
      "version": "16.4.42",
      "resolved": "https://registry.npmjs.org/@syncfusion/ej2-buttons/-/ej2-buttons-16.4.42.tgz",
      "integrity": "sha512-BdiOouLJjLIok4YHgyF0IQ9V1EU8UBmLKj3sSrZfn8DmT0I9EI3uOsISfn4Ae8PyLc3I3b1aEMj8xCN50J0YTw==",
      "requires": {
        "@syncfusion/ej2-base": "~16.4.42"
      }
    },
    "@syncfusion/ej2-inputs": {
      "version": "16.4.46",
      "resolved": "https://registry.npmjs.org/@syncfusion/ej2-inputs/-/ej2-inputs-16.4.46.tgz",
      "integrity": "sha512-a5FCQmdji9EVV9eiaqYmRfHVFRWeWxgtRdtg1s6BlXapQu9wUUrFsix02+BHPTW0XaGj8AU1OF6BU472stWybg==",
      "requires": {
        "@syncfusion/ej2-base": "~16.4.42",
        "@syncfusion/ej2-buttons": "~16.4.42",
        "@syncfusion/ej2-popups": "~16.4.45",
        "@syncfusion/ej2-splitbuttons": "~16.4.46"
      }
    },
    "@syncfusion/ej2-popups": {
      "version": "16.4.45",
      "resolved": "https://registry.npmjs.org/@syncfusion/ej2-popups/-/ej2-popups-16.4.45.tgz",
      "integrity": "sha512-mnA9Fi0e0kxmsS7Uyr20E0VDHre7m6bBXnPqH2hpoLayPqxAsRASNAOtWwAUwnLs+eC4vMiBXs3/ELsfPPnRyw==",
      "requires": {
        "@syncfusion/ej2-base": "~16.4.42",
        "@syncfusion/ej2-buttons": "~16.4.42"
      }
    },
    "@syncfusion/ej2-splitbuttons": {
      "version": "16.4.46",
      "resolved": "https://registry.npmjs.org/@syncfusion/ej2-splitbuttons/-/ej2-splitbuttons-16.4.46.tgz",
      "integrity": "sha512-h4QM5MEt+L0ohy54cTrQ0uPo0Kkgxo9HcPGZ3qe7aiknpA7sTA6ax3zYGE4HBb4jb2CleE4mLh5KeuE1YGKagg==",
      "requires": {
        "@syncfusion/ej2-base": "~16.4.42",
        "@syncfusion/ej2-popups": "~16.4.45"
      }
    }
  }
}
